4d63.com/strrev v1.1.0 h1:NB+AegmbLuD7vALJi2Vniygp0oRTmIwDx9s+LpdxyPg=
4d63.com/strrev v1.1.0/go.mod h1:kEuPysb/XCi0tmXRkB0rDxURbEEyeTlvSbOK+SqVbvA=
github.com/deckarep/golang-set/v2 v2.5.0 h1:hn6cEZtQ0h3J8kFrHR/NrzyOoTnjgW1+FmNJzQ7y/sA=
github.com/deckarep/golang-set/v2 v2.5.0/go.mod h1:VAky9rY/yGXJOLEDv3OMci+7wtDpOF4IN+y82NBOac4=
